
Microsoft Visual Studio Solution File, Format Version 12.00
# Visual Studio 15
VisualStudioVersion = 15.0.28307.539
MinimumVisualStudioVersion = 10.0.40219.1
Project("{FAE04EC0-301F-11D3-BF4B-00C04F79EFBC}") = "WpfDataBase", "WpfDataBase\WpfDataBase.csproj", "{C5C99CDA-948B-4A86-A27A-F6DB40A3DDA6}"
EndProject
Global
	GlobalSection(SolutionConfigurationPlatforms) = preSolution
		Debug|Any CPU = Debug|Any CPU
		Release|Any CPU = Release|Any CPU
	EndGlobalSection
	GlobalSection(ProjectConfigurationPlatforms) = postSolution
		{C5C99CDA-948B-4A86-A27A-F6DB40A3DDA6}.Debug|Any CPU.ActiveCfg = Debug|Any CPU
		{C5C99CDA-948B-4A86-A27A-F6DB40A3DDA6}.Debug|Any CPU.Build.0 = Debug|Any CPU
		{C5C99CDA-948B-4A86-A27A-F6DB40A3DDA6}.Release|Any CPU.ActiveCfg = Release|Any CPU
		{C5C99CDA-948B-4A86-A27A-F6DB40A3DDA6}.Release|Any CPU.Build.0 = Release|Any CPU
	EndGlobalSection
	GlobalSection(SolutionProperties) = preSolution
		HideSolutionNode = FALSE
	EndGlobalSection
	GlobalSection(ExtensibilityGlobals) = postSolution
		SolutionGuid = {664B94AD-4063-4910-885B-DB0340FC9C47}
	EndGlobalSection
EndGlobal
